
Microsoft Visual Studio Solution File, Format Version 12.00
# Visual Studio 2012
Project("{FAE04EC0-301F-11D3-BF4B-00C04F79EFBC}") = "UI", "VC_UI\UI.csproj", "{3A95D12D-C9F6-4FF2-9036-8C3C4C3A800A}"
EndProject
Project("{FAE04EC0-301F-11D3-BF4B-00C04F79EFBC}") = "DBL", "..\..\DBL\DBL\DBL.csproj", "{2DB61F73-BF71-4340-960A-FCDE8F81AD78}"
EndProject
Global
	GlobalSection(SolutionConfigurationPlatforms) = preSolution
		Debug|Any CPU = Debug|Any CPU
		Release|Any CPU = Release|Any CPU
	EndGlobalSection
	GlobalSection(ProjectConfigurationPlatforms) = postSolution
		{3A95D12D-C9F6-4FF2-9036-8C3C4C3A800A}.Debug|Any CPU.ActiveCfg = Debug|Any CPU
		{3A95D12D-C9F6-4FF2-9036-8C3C4C3A800A}.Debug|Any CPU.Build.0 = Debug|Any CPU
		{3A95D12D-C9F6-4FF2-9036-8C3C4C3A800A}.Release|Any CPU.ActiveCfg = Release|Any CPU
		{3A95D12D-C9F6-4FF2-9036-8C3C4C3A800A}.Release|Any CPU.Build.0 = Release|Any CPU
		{2DB61F73-BF71-4340-960A-FCDE8F81AD78}.Debug|Any CPU.ActiveCfg = Debug|Any CPU
		{2DB61F73-BF71-4340-960A-FCDE8F81AD78}.Debug|Any CPU.Build.0 = Debug|Any CPU
		{2DB61F73-BF71-4340-960A-FCDE8F81AD78}.Release|Any CPU.ActiveCfg = Release|Any CPU
		{2DB61F73-BF71-4340-960A-FCDE8F81AD78}.Release|Any CPU.Build.0 = Release|Any CPU
	EndGlobalSection
	GlobalSection(SolutionProperties) = preSolution
		HideSolutionNode = FALSE
	EndGlobalSection
EndGlobal
